// !$*UTF8*$!
{
	archiveVersion = 1;
	classes = {
	};
	objectVersion = 70;
	objects = {

/* Begin PBXBuildFile section */
		B7024D112C9EE5AF006809AC /* Lottie in Frameworks */ = {isa = PBXBuildFile; productRef = B7024D102C9EE5AF006809AC /* Lottie */; };
		B7024D132C9EE5C1006809AC /* LottieView.swift in Sources */ = {isa = PBXBuildFile; fileRef = B7024D122C9EE5C1006809AC /* LottieView.swift */; };
		B72CABA12C9DDA4000CD1040 /* Array+Ext.swift in Sources */ = {isa = PBXBuildFile; fileRef = B72CABA02C9DDA4000CD1040 /* Array+Ext.swift */; };
		B72CABA92C9E0CF900CD1040 /* PickerCard.swift in Sources */ = {isa = PBXBuildFile; fileRef = B72CABA82C9E0CF900CD1040 /* PickerCard.swift */; };
		B73B2E322C9B637A001EB658 /* PuffApp.swift in Sources */ = {isa = PBXBuildFile; fileRef = B73B2E312C9B637A001EB658 /* PuffApp.swift */; };
		B73B2E362C9B637B001EB658 /* Assets.xcassets in Resources */ = {isa = PBXBuildFile; fileRef = B73B2E352C9B637B001EB658 /* Assets.xcassets */; };
		B73B2E392C9B637B001EB658 /* Preview Assets.xcassets in Resources */ = {isa = PBXBuildFile; fileRef = B73B2E382C9B637B001EB658 /* Preview Assets.xcassets */; };
		B73B2E452C9B63E1001EB658 /* AppDelegate.swift in Sources */ = {isa = PBXBuildFile; fileRef = B73B2E442C9B63E1001EB658 /* AppDelegate.swift */; };
		B73B2E4A2C9B644C001EB658 /* HomeView.swift in Sources */ = {isa = PBXBuildFile; fileRef = B73B2E492C9B644C001EB658 /* HomeView.swift */; };
		B73B2E4C2C9B647D001EB658 /* Palette.swift in Sources */ = {isa = PBXBuildFile; fileRef = B73B2E4B2C9B647D001EB658 /* Palette.swift */; };
		B73B2E4F2C9B6498001EB658 /* HapticManager.swift in Sources */ = {isa = PBXBuildFile; fileRef = B73B2E4E2C9B6498001EB658 /* HapticManager.swift */; };
		B73B2E522C9B64A6001EB658 /* Logger.swift in Sources */ = {isa = PBXBuildFile; fileRef = B73B2E502C9B64A6001EB658 /* Logger.swift */; };
		B73B2E552C9B64CD001EB658 /* AppManager.swift in Sources */ = {isa = PBXBuildFile; fileRef = B73B2E542C9B64CD001EB658 /* AppManager.swift */; };
		B752774A2C9F4C7B00F8B98D /* Date+Ext.swift in Sources */ = {isa = PBXBuildFile; fileRef = B75277492C9F4C7B00F8B98D /* Date+Ext.swift */; };
		B7F3775F2C9B674C0050C93B /* TabBar.swift in Sources */ = {isa = PBXBuildFile; fileRef = B7F3775E2C9B674C0050C93B /* TabBar.swift */; };
		B7F377622C9B677E0050C93B /* TabBarModel.swift in Sources */ = {isa = PBXBuildFile; fileRef = B7F377612C9B677E0050C93B /* TabBarModel.swift */; };
		B7F377662C9B682A0050C93B /* AccentButton.swift in Sources */ = {isa = PBXBuildFile; fileRef = B7F377652C9B682A0050C93B /* AccentButton.swift */; };
		B7F3776B2C9B68AC0050C93B /* DelayedButton.swift in Sources */ = {isa = PBXBuildFile; fileRef = B7F3776A2C9B68AC0050C93B /* DelayedButton.swift */; };
		B7F3776E2C9B68E30050C93B /* Internal.swift in Sources */ = {isa = PBXBuildFile; fileRef = B7F3776D2C9B68E30050C93B /* Internal.swift */; };
		B7F377702C9B69940050C93B /* Color+Ext.swift in Sources */ = {isa = PBXBuildFile; fileRef = B7F3776F2C9B69940050C93B /* Color+Ext.swift */; };
		B7F377722C9B6A330050C93B /* View+Ext.swift in Sources */ = {isa = PBXBuildFile; fileRef = B7F377712C9B6A330050C93B /* View+Ext.swift */; };
		B7F377742C9B6ADB0050C93B /* PrimaryButton.swift in Sources */ = {isa = PBXBuildFile; fileRef = B7F377732C9B6ADB0050C93B /* PrimaryButton.swift */; };
		B7F377762C9B6C480050C93B /* SecondaryButton.swift in Sources */ = {isa = PBXBuildFile; fileRef = B7F377752C9B6C480050C93B /* SecondaryButton.swift */; };
		B7F574DA2C9C11470059BAB9 /* TextButton.swift in Sources */ = {isa = PBXBuildFile; fileRef = B7F574D92C9C11470059BAB9 /* TextButton.swift */; };
		B7F574DD2C9C144A0059BAB9 /* MainInputField.swift in Sources */ = {isa = PBXBuildFile; fileRef = B7F574DC2C9C144A0059BAB9 /* MainInputField.swift */; };
		B7F574DF2C9C9EE10059BAB9 /* String+Ext.swift in Sources */ = {isa = PBXBuildFile; fileRef = B7F574DE2C9C9EE10059BAB9 /* String+Ext.swift */; };
		B7F574E12C9CA1940059BAB9 /* Launch Screen.storyboard in Resources */ = {isa = PBXBuildFile; fileRef = B7F574E02C9CA1940059BAB9 /* Launch Screen.storyboard */; };
		B7F574F12C9CAAAF0059BAB9 /* Text+Ext.swift in Sources */ = {isa = PBXBuildFile; fileRef = B7F574F02C9CAAAF0059BAB9 /* Text+Ext.swift */; };
		B7F574FA2C9CB8D50059BAB9 /* MarkdownText.swift in Sources */ = {isa = PBXBuildFile; fileRef = B7F574F92C9CB8D50059BAB9 /* MarkdownText.swift */; };
/* End PBXBuildFile section */

/* Begin PBXFileReference section */
		B7024D122C9EE5C1006809AC /* LottieView.swift */ = {isa = PBXFileReference; lastKnownFileType = sourcecode.swift; path = LottieView.swift; sourceTree = "<group>"; };
		B72CABA02C9DDA4000CD1040 /* Array+Ext.swift */ = {isa = PBXFileReference; lastKnownFileType = sourcecode.swift; path = "Array+Ext.swift"; sourceTree = "<group>"; };
		B72CABA82C9E0CF900CD1040 /* PickerCard.swift */ = {isa = PBXFileReference; lastKnownFileType = sourcecode.swift; path = PickerCard.swift; sourceTree = "<group>"; };
		B73B2E2E2C9B637A001EB658 /* Puff.app */ = {isa = PBXFileReference; explicitFileType = wrapper.application; includeInIndex = 0; path = Puff.app; sourceTree = BUILT_PRODUCTS_DIR; };
		B73B2E312C9B637A001EB658 /* PuffApp.swift */ = {isa = PBXFileReference; lastKnownFileType = sourcecode.swift; path = PuffApp.swift; sourceTree = "<group>"; };
		B73B2E352C9B637B001EB658 /* Assets.xcassets */ = {isa = PBXFileReference; lastKnownFileType = folder.assetcatalog; path = Assets.xcassets; sourceTree = "<group>"; };
		B73B2E382C9B637B001EB658 /* Preview Assets.xcassets */ = {isa = PBXFileReference; lastKnownFileType = folder.assetcatalog; path = "Preview Assets.xcassets"; sourceTree = "<group>"; };
		B73B2E442C9B63E1001EB658 /* AppDelegate.swift */ = {isa = PBXFileReference; lastKnownFileType = sourcecode.swift; path = AppDelegate.swift; sourceTree = "<group>"; };
		B73B2E492C9B644C001EB658 /* HomeView.swift */ = {isa = PBXFileReference; lastKnownFileType = sourcecode.swift; path = HomeView.swift; sourceTree = "<group>"; };
		B73B2E4B2C9B647D001EB658 /* Palette.swift */ = {isa = PBXFileReference; lastKnownFileType = sourcecode.swift; path = Palette.swift; sourceTree = "<group>"; };
		B73B2E4E2C9B6498001EB658 /* HapticManager.swift */ = {isa = PBXFileReference; lastKnownFileType = sourcecode.swift; path = HapticManager.swift; sourceTree = "<group>"; };
		B73B2E502C9B64A6001EB658 /* Logger.swift */ = {isa = PBXFileReference; fileEncoding = 4; lastKnownFileType = sourcecode.swift; path = Logger.swift; sourceTree = "<group>"; };
		B73B2E542C9B64CD001EB658 /* AppManager.swift */ = {isa = PBXFileReference; lastKnownFileType = sourcecode.swift; path = AppManager.swift; sourceTree = "<group>"; };
		B75277492C9F4C7B00F8B98D /* Date+Ext.swift */ = {isa = PBXFileReference; lastKnownFileType = sourcecode.swift; path = "Date+Ext.swift"; sourceTree = "<group>"; };
		B7F3775E2C9B674C0050C93B /* TabBar.swift */ = {isa = PBXFileReference; lastKnownFileType = sourcecode.swift; path = TabBar.swift; sourceTree = "<group>"; };
		B7F377612C9B677E0050C93B /* TabBarModel.swift */ = {isa = PBXFileReference; lastKnownFileType = sourcecode.swift; path = TabBarModel.swift; sourceTree = "<group>"; };
		B7F377652C9B682A0050C93B /* AccentButton.swift */ = {isa = PBXFileReference; lastKnownFileType = sourcecode.swift; path = AccentButton.swift; sourceTree = "<group>"; };
		B7F3776A2C9B68AC0050C93B /* DelayedButton.swift */ = {isa = PBXFileReference; lastKnownFileType = sourcecode.swift; path = DelayedButton.swift; sourceTree = "<group>"; };
		B7F3776D2C9B68E30050C93B /* Internal.swift */ = {isa = PBXFileReference; lastKnownFileType = sourcecode.swift; path = Internal.swift; sourceTree = "<group>"; };
		B7F3776F2C9B69940050C93B /* Color+Ext.swift */ = {isa = PBXFileReference; lastKnownFileType = sourcecode.swift; path = "Color+Ext.swift"; sourceTree = "<group>"; };
		B7F377712C9B6A330050C93B /* View+Ext.swift */ = {isa = PBXFileReference; lastKnownFileType = sourcecode.swift; path = "View+Ext.swift"; sourceTree = "<group>"; };
		B7F377732C9B6ADB0050C93B /* PrimaryButton.swift */ = {isa = PBXFileReference; lastKnownFileType = sourcecode.swift; path = PrimaryButton.swift; sourceTree = "<group>"; };
		B7F377752C9B6C480050C93B /* SecondaryButton.swift */ = {isa = PBXFileReference; lastKnownFileType = sourcecode.swift; path = SecondaryButton.swift; sourceTree = "<group>"; };
		B7F574D92C9C11470059BAB9 /* TextButton.swift */ = {isa = PBXFileReference; lastKnownFileType = sourcecode.swift; path = TextButton.swift; sourceTree = "<group>"; };
		B7F574DC2C9C144A0059BAB9 /* MainInputField.swift */ = {isa = PBXFileReference; lastKnownFileType = sourcecode.swift; path = MainInputField.swift; sourceTree = "<group>"; };
		B7F574DE2C9C9EE10059BAB9 /* String+Ext.swift */ = {isa = PBXFileReference; lastKnownFileType = sourcecode.swift; path = "String+Ext.swift"; sourceTree = "<group>"; };
		B7F574E02C9CA1940059BAB9 /* Launch Screen.storyboard */ = {isa = PBXFileReference; lastKnownFileType = file.storyboard; path = "Launch Screen.storyboard"; sourceTree = "<group>"; };
		B7F574EC2C9CA3130059BAB9 /* Info.plist */ = {isa = PBXFileReference; lastKnownFileType = text.plist.xml; path = Info.plist; sourceTree = "<group>"; };
		B7F574F02C9CAAAF0059BAB9 /* Text+Ext.swift */ = {isa = PBXFileReference; lastKnownFileType = sourcecode.swift; path = "Text+Ext.swift"; sourceTree = "<group>"; };
		B7F574F92C9CB8D50059BAB9 /* MarkdownText.swift */ = {isa = PBXFileReference; lastKnownFileType = sourcecode.swift; path = MarkdownText.swift; sourceTree = "<group>"; };
/* End PBXFileReference section */

/* Begin PBXFileSystemSynchronizedRootGroup section */
		B7024D142C9EE5F7006809AC /* Animations */ = {isa = PBXFileSystemSynchronizedRootGroup; explicitFileTypes = {}; explicitFolders = (); path = Animations; sourceTree = "<group>"; };
		B756D6672CA0240300DF28CD /* Paywall */ = {isa = PBXFileSystemSynchronizedRootGroup; explicitFileTypes = {}; explicitFolders = (); path = Paywall; sourceTree = "<group>"; };
		B7F574D12C9C0CCF0059BAB9 /* Navigation */ = {isa = PBXFileSystemSynchronizedRootGroup; explicitFileTypes = {}; explicitFolders = (); path = Navigation; sourceTree = "<group>"; };
		B7F574D62C9C10980059BAB9 /* Statistics */ = {isa = PBXFileSystemSynchronizedRootGroup; explicitFileTypes = {}; explicitFolders = (); path = Statistics; sourceTree = "<group>"; };
		B7F574E22C9CA2AF0059BAB9 /* Fonts */ = {isa = PBXFileSystemSynchronizedRootGroup; explicitFileTypes = {}; explicitFolders = (); path = Fonts; sourceTree = "<group>"; };
		B7F574ED2C9CAA3D0059BAB9 /* Onboarding */ = {isa = PBXFileSystemSynchronizedRootGroup; explicitFileTypes = {}; explicitFolders = (); path = Onboarding; sourceTree = "<group>"; };
/* End PBXFileSystemSynchronizedRootGroup section */

/* Begin PBXFrameworksBuildPhase section */
		B73B2E2B2C9B637A001EB658 /* Frameworks */ = {
			isa = PBXFrameworksBuildPhase;
			buildActionMask = 2147483647;
			files = (
				B7024D112C9EE5AF006809AC /* Lottie in Frameworks */,
			);
			runOnlyForDeploymentPostprocessing = 0;
		};
/* End PBXFrameworksBuildPhase section */

/* Begin PBXGroup section */
		B73B2E252C9B637A001EB658 = {
			isa = PBXGroup;
			children = (
				B73B2E302C9B637A001EB658 /* Puff */,
				B73B2E2F2C9B637A001EB658 /* Products */,
			);
			sourceTree = "<group>";
		};
		B73B2E2F2C9B637A001EB658 /* Products */ = {
			isa = PBXGroup;
			children = (
				B73B2E2E2C9B637A001EB658 /* Puff.app */,
			);
			name = Products;
			sourceTree = "<group>";
		};
		B73B2E302C9B637A001EB658 /* Puff */ = {
			isa = PBXGroup;
			children = (
				B73B2E432C9B63D8001EB658 /* App */,
				B73B2E422C9B63A2001EB658 /* Common */,
				B73B2E412C9B639F001EB658 /* Services */,
				B7F3776C2C9B68D70050C93B /* Extension */,
				B73B2E3F2C9B6392001EB658 /* Presentation */,
			);
			path = Puff;
			sourceTree = "<group>";
		};
		B73B2E372C9B637B001EB658 /* Preview Content */ = {
			isa = PBXGroup;
			children = (
				B73B2E382C9B637B001EB658 /* Preview Assets.xcassets */,
			);
			path = "Preview Content";
			sourceTree = "<group>";
		};
		B73B2E3F2C9B6392001EB658 /* Presentation */ = {
			isa = PBXGroup;
			children = (
				B7F3775D2C9B67410050C93B /* Components */,
				B73B2E462C9B6432001EB658 /* Modules */,
			);
			path = Presentation;
			sourceTree = "<group>";
		};
		B73B2E412C9B639F001EB658 /* Services */ = {
			isa = PBXGroup;
			children = (
				B73B2E532C9B64C9001EB658 /* App */,
				B73B2E512C9B64A6001EB658 /* Log */,
				B73B2E4D2C9B648C001EB658 /* Haptic */,
			);
			path = Services;
			sourceTree = "<group>";
		};
		B73B2E422C9B63A2001EB658 /* Common */ = {
			isa = PBXGroup;
			children = (
				B7024D142C9EE5F7006809AC /* Animations */,
				B73B2E352C9B637B001EB658 /* Assets.xcassets */,
				B73B2E372C9B637B001EB658 /* Preview Content */,
				B73B2E4B2C9B647D001EB658 /* Palette.swift */,
				B7F574E22C9CA2AF0059BAB9 /* Fonts */,
				B7F574E02C9CA1940059BAB9 /* Launch Screen.storyboard */,
			);
			path = Common;
			sourceTree = "<group>";
		};
		B73B2E432C9B63D8001EB658 /* App */ = {
			isa = PBXGroup;
			children = (
				B7F574EC2C9CA3130059BAB9 /* Info.plist */,
				B73B2E312C9B637A001EB658 /* PuffApp.swift */,
				B73B2E442C9B63E1001EB658 /* AppDelegate.swift */,
			);
			path = App;
			sourceTree = "<group>";
		};
		B73B2E462C9B6432001EB658 /* Modules */ = {
			isa = PBXGroup;
			children = (
				B756D6672CA0240300DF28CD /* Paywall */,
				B7F574ED2C9CAA3D0059BAB9 /* Onboarding */,
				B7F574D62C9C10980059BAB9 /* Statistics */,
				B7F574D12C9C0CCF0059BAB9 /* Navigation */,
				B73B2E482C9B6447001EB658 /* Home */,
			);
			path = Modules;
			sourceTree = "<group>";
		};
		B73B2E482C9B6447001EB658 /* Home */ = {
			isa = PBXGroup;
			children = (
				B73B2E492C9B644C001EB658 /* HomeView.swift */,
			);
			path = Home;
			sourceTree = "<group>";
		};
		B73B2E4D2C9B648C001EB658 /* Haptic */ = {
			isa = PBXGroup;
			children = (
				B73B2E4E2C9B6498001EB658 /* HapticManager.swift */,
			);
			path = Haptic;
			sourceTree = "<group>";
		};
		B73B2E512C9B64A6001EB658 /* Log */ = {
			isa = PBXGroup;
			children = (
				B73B2E502C9B64A6001EB658 /* Logger.swift */,
			);
			path = Log;
			sourceTree = "<group>";
		};
		B73B2E532C9B64C9001EB658 /* App */ = {
			isa = PBXGroup;
			children = (
				B73B2E542C9B64CD001EB658 /* AppManager.swift */,
			);
			path = App;
			sourceTree = "<group>";
		};
		B7F3775D2C9B67410050C93B /* Components */ = {
			isa = PBXGroup;
			children = (
				B7F377632C9B68180050C93B /* Internal */,
			);
			path = Components;
			sourceTree = "<group>";
		};
		B7F377602C9B674E0050C93B /* TabBar */ = {
			isa = PBXGroup;
			children = (
				B7F3775E2C9B674C0050C93B /* TabBar.swift */,
				B7F377612C9B677E0050C93B /* TabBarModel.swift */,
			);
			path = TabBar;
			sourceTree = "<group>";
		};
		B7F377632C9B68180050C93B /* Internal */ = {
			isa = PBXGroup;
			children = (
				B7F3776A2C9B68AC0050C93B /* DelayedButton.swift */,
				B7F377642C9B681C0050C93B /* MainButtons */,
				B7F377602C9B674E0050C93B /* TabBar */,
				B7F574DC2C9C144A0059BAB9 /* MainInputField.swift */,
				B7F574F92C9CB8D50059BAB9 /* MarkdownText.swift */,
				B72CABA82C9E0CF900CD1040 /* PickerCard.swift */,
				B7024D122C9EE5C1006809AC /* LottieView.swift */,
			);
			path = Internal;
			sourceTree = "<group>";
		};
		B7F377642C9B681C0050C93B /* MainButtons */ = {
			isa = PBXGroup;
			children = (
				B7F377652C9B682A0050C93B /* AccentButton.swift */,
				B7F377732C9B6ADB0050C93B /* PrimaryButton.swift */,
				B7F377752C9B6C480050C93B /* SecondaryButton.swift */,
				B7F574D92C9C11470059BAB9 /* TextButton.swift */,
			);
			path = MainButtons;
			sourceTree = "<group>";
		};
		B7F3776C2C9B68D70050C93B /* Extension */ = {
			isa = PBXGroup;
			children = (
				B7F3776D2C9B68E30050C93B /* Internal.swift */,
				B7F3776F2C9B69940050C93B /* Color+Ext.swift */,
				B7F377712C9B6A330050C93B /* View+Ext.swift */,
				B7F574DE2C9C9EE10059BAB9 /* String+Ext.swift */,
				B7F574F02C9CAAAF0059BAB9 /* Text+Ext.swift */,
				B72CABA02C9DDA4000CD1040 /* Array+Ext.swift */,
				B75277492C9F4C7B00F8B98D /* Date+Ext.swift */,
			);
			path = Extension;
			sourceTree = "<group>";
		};
/* End PBXGroup section */

/* Begin PBXNativeTarget section */
		B73B2E2D2C9B637A001EB658 /* Puff */ = {
			isa = PBXNativeTarget;
			buildConfigurationList = B73B2E3C2C9B637B001EB658 /* Build configuration list for PBXNativeTarget "Puff" */;
			buildPhases = (
				B73B2E2A2C9B637A001EB658 /* Sources */,
				B73B2E2B2C9B637A001EB658 /* Frameworks */,
				B73B2E2C2C9B637A001EB658 /* Resources */,
			);
			buildRules = (
			);
			dependencies = (
			);
			fileSystemSynchronizedGroups = (
				B7024D142C9EE5F7006809AC /* Animations */,
				B756D6672CA0240300DF28CD /* Paywall */,
				B7F574D12C9C0CCF0059BAB9 /* Navigation */,
				B7F574D62C9C10980059BAB9 /* Statistics */,
				B7F574E22C9CA2AF0059BAB9 /* Fonts */,
				B7F574ED2C9CAA3D0059BAB9 /* Onboarding */,
			);
			name = Puff;
			productName = Puff;
			productReference = B73B2E2E2C9B637A001EB658 /* Puff.app */;
			productType = "com.apple.product-type.application";
		};
/* End PBXNativeTarget section */

/* Begin PBXProject section */
		B73B2E262C9B637A001EB658 /* Project object */ = {
			isa = PBXProject;
			attributes = {
				BuildIndependentTargetsInParallel = 1;
				LastSwiftUpdateCheck = 1530;
				LastUpgradeCheck = 1530;
				TargetAttributes = {
					B73B2E2D2C9B637A001EB658 = {
						CreatedOnToolsVersion = 15.3;
					};
				};
			};
			buildConfigurationList = B73B2E292C9B637A001EB658 /* Build configuration list for PBXProject "Puff" */;
			compatibilityVersion = "Xcode 14.0";
			developmentRegion = en;
			hasScannedForEncodings = 0;
			knownRegions = (
				en,
				Base,
			);
			mainGroup = B73B2E252C9B637A001EB658;
			packageReferences = (
				B7024D0F2C9EE5AF006809AC /* XCRemoteSwiftPackageReference "lottie-ios" */,
			);
			productRefGroup = B73B2E2F2C9B637A001EB658 /* Products */;
			projectDirPath = "";
			projectRoot = "";
			targets = (
				B73B2E2D2C9B637A001EB658 /* Puff */,
			);
		};
/* End PBXProject section */

/* Begin PBXResourcesBuildPhase section */
		B73B2E2C2C9B637A001EB658 /* Resources */ = {
			isa = PBXResourcesBuildPhase;
			buildActionMask = 2147483647;
			files = (
				B7F574E12C9CA1940059BAB9 /* Launch Screen.storyboard in Resources */,
				B73B2E392C9B637B001EB658 /* Preview Assets.xcassets in Resources */,
				B73B2E362C9B637B001EB658 /* Assets.xcassets in Resources */,
			);
			runOnlyForDeploymentPostprocessing = 0;
		};
/* End PBXResourcesBuildPhase section */

/* Begin PBXSourcesBuildPhase section */
		B73B2E2A2C9B637A001EB658 /* Sources */ = {
			isa = PBXSourcesBuildPhase;
			buildActionMask = 2147483647;
			files = (
				B7F377722C9B6A330050C93B /* View+Ext.swift in Sources */,
				B7F377622C9B677E0050C93B /* TabBarModel.swift in Sources */,
				B73B2E552C9B64CD001EB658 /* AppManager.swift in Sources */,
				B72CABA12C9DDA4000CD1040 /* Array+Ext.swift in Sources */,
				B73B2E4A2C9B644C001EB658 /* HomeView.swift in Sources */,
				B7F377762C9B6C480050C93B /* SecondaryButton.swift in Sources */,
				B73B2E522C9B64A6001EB658 /* Logger.swift in Sources */,
				B72CABA92C9E0CF900CD1040 /* PickerCard.swift in Sources */,
				B7F574DF2C9C9EE10059BAB9 /* String+Ext.swift in Sources */,
				B7F377702C9B69940050C93B /* Color+Ext.swift in Sources */,
				B7F574DA2C9C11470059BAB9 /* TextButton.swift in Sources */,
				B73B2E4F2C9B6498001EB658 /* HapticManager.swift in Sources */,
				B7F377662C9B682A0050C93B /* AccentButton.swift in Sources */,
				B7F574DD2C9C144A0059BAB9 /* MainInputField.swift in Sources */,
				B7F3776B2C9B68AC0050C93B /* DelayedButton.swift in Sources */,
				B7F3775F2C9B674C0050C93B /* TabBar.swift in Sources */,
				B73B2E452C9B63E1001EB658 /* AppDelegate.swift in Sources */,
				B752774A2C9F4C7B00F8B98D /* Date+Ext.swift in Sources */,
				B7024D132C9EE5C1006809AC /* LottieView.swift in Sources */,
				B7F3776E2C9B68E30050C93B /* Internal.swift in Sources */,
				B7F377742C9B6ADB0050C93B /* PrimaryButton.swift in Sources */,
				B7F574FA2C9CB8D50059BAB9 /* MarkdownText.swift in Sources */,
				B73B2E322C9B637A001EB658 /* PuffApp.swift in Sources */,
				B7F574F12C9CAAAF0059BAB9 /* Text+Ext.swift in Sources */,
				B73B2E4C2C9B647D001EB658 /* Palette.swift in Sources */,
			);
			runOnlyForDeploymentPostprocessing = 0;
		};
/* End PBXSourcesBuildPhase section */

/* Begin XCBuildConfiguration section */
		B73B2E3A2C9B637B001EB658 /* Debug */ = {
			isa = XCBuildConfiguration;
			buildSettings = {
				ALWAYS_SEARCH_USER_PATHS = NO;
				ASSETCATALOG_COMPILER_GENERATE_SWIFT_ASSET_SYMBOL_EXTENSIONS = YES;
				CLANG_ANALYZER_NONNULL = YES;
				CLANG_ANALYZER_NUMBER_OBJECT_CONVERSION = YES_AGGRESSIVE;
				CLANG_CXX_LANGUAGE_STANDARD = "gnu++20";
				CLANG_ENABLE_MODULES = YES;
				CLANG_ENABLE_OBJC_ARC = YES;
				CLANG_ENABLE_OBJC_WEAK = YES;
				CLANG_WARN_BLOCK_CAPTURE_AUTORELEASING = YES;
				CLANG_WARN_BOOL_CONVERSION = YES;
				CLANG_WARN_COMMA = YES;
				CLANG_WARN_CONSTANT_CONVERSION = YES;
				CLANG_WARN_DEPRECATED_OBJC_IMPLEMENTATIONS = YES;
				CLANG_WARN_DIRECT_OBJC_ISA_USAGE = YES_ERROR;
				CLANG_WARN_DOCUMENTATION_COMMENTS = YES;
				CLANG_WARN_EMPTY_BODY = YES;
				CLANG_WARN_ENUM_CONVERSION = YES;
				CLANG_WARN_INFINITE_RECURSION = YES;
				CLANG_WARN_INT_CONVERSION = YES;
				CLANG_WARN_NON_LITERAL_NULL_CONVERSION = YES;
				CLANG_WARN_OBJC_IMPLICIT_RETAIN_SELF = YES;
				CLANG_WARN_OBJC_LITERAL_CONVERSION = YES;
				CLANG_WARN_OBJC_ROOT_CLASS = YES_ERROR;
				CLANG_WARN_QUOTED_INCLUDE_IN_FRAMEWORK_HEADER = YES;
				CLANG_WARN_RANGE_LOOP_ANALYSIS = YES;
				CLANG_WARN_STRICT_PROTOTYPES = YES;
				CLANG_WARN_SUSPICIOUS_MOVE = YES;
				CLANG_WARN_UNGUARDED_AVAILABILITY = YES_AGGRESSIVE;
				CLANG_WARN_UNREACHABLE_CODE = YES;
				CLANG_WARN__DUPLICATE_METHOD_MATCH = YES;
				COPY_PHASE_STRIP = NO;
				DEBUG_INFORMATION_FORMAT = dwarf;
				ENABLE_STRICT_OBJC_MSGSEND = YES;
				ENABLE_TESTABILITY = YES;
				ENABLE_USER_SCRIPT_SANDBOXING = YES;
				GCC_C_LANGUAGE_STANDARD = gnu17;
				GCC_DYNAMIC_NO_PIC = NO;
				GCC_NO_COMMON_BLOCKS = YES;
				GCC_OPTIMIZATION_LEVEL = 0;
				GCC_PREPROCESSOR_DEFINITIONS = (
					"DEBUG=1",
					"$(inherited)",
				);
				GCC_WARN_64_TO_32_BIT_CONVERSION = YES;
				GCC_WARN_ABOUT_RETURN_TYPE = YES_ERROR;
				GCC_WARN_UNDECLARED_SELECTOR = YES;
				GCC_WARN_UNINITIALIZED_AUTOS = YES_AGGRESSIVE;
				GCC_WARN_UNUSED_FUNCTION = YES;
				GCC_WARN_UNUSED_VARIABLE = YES;
				IPHONEOS_DEPLOYMENT_TARGET = 17.4;
				LOCALIZATION_PREFERS_STRING_CATALOGS = YES;
				MTL_ENABLE_DEBUG_INFO = INCLUDE_SOURCE;
				MTL_FAST_MATH = YES;
				ONLY_ACTIVE_ARCH = YES;
				SDKROOT = iphoneos;
				SWIFT_ACTIVE_COMPILATION_CONDITIONS = "DEBUG $(inherited)";
				SWIFT_OPTIMIZATION_LEVEL = "-Onone";
			};
			name = Debug;
		};
		B73B2E3B2C9B637B001EB658 /* Release */ = {
			isa = XCBuildConfiguration;
			buildSettings = {
				ALWAYS_SEARCH_USER_PATHS = NO;
				ASSETCATALOG_COMPILER_GENERATE_SWIFT_ASSET_SYMBOL_EXTENSIONS = YES;
				CLANG_ANALYZER_NONNULL = YES;
				CLANG_ANALYZER_NUMBER_OBJECT_CONVERSION = YES_AGGRESSIVE;
				CLANG_CXX_LANGUAGE_STANDARD = "gnu++20";
				CLANG_ENABLE_MODULES = YES;
				CLANG_ENABLE_OBJC_ARC = YES;
				CLANG_ENABLE_OBJC_WEAK = YES;
				CLANG_WARN_BLOCK_CAPTURE_AUTORELEASING = YES;
				CLANG_WARN_BOOL_CONVERSION = YES;
				CLANG_WARN_COMMA = YES;
				CLANG_WARN_CONSTANT_CONVERSION = YES;
				CLANG_WARN_DEPRECATED_OBJC_IMPLEMENTATIONS = YES;
				CLANG_WARN_DIRECT_OBJC_ISA_USAGE = YES_ERROR;
				CLANG_WARN_DOCUMENTATION_COMMENTS = YES;
				CLANG_WARN_EMPTY_BODY = YES;
				CLANG_WARN_ENUM_CONVERSION = YES;
				CLANG_WARN_INFINITE_RECURSION = YES;
				CLANG_WARN_INT_CONVERSION = YES;
				CLANG_WARN_NON_LITERAL_NULL_CONVERSION = YES;
				CLANG_WARN_OBJC_IMPLICIT_RETAIN_SELF = YES;
				CLANG_WARN_OBJC_LITERAL_CONVERSION = YES;
				CLANG_WARN_OBJC_ROOT_CLASS = YES_ERROR;
				CLANG_WARN_QUOTED_INCLUDE_IN_FRAMEWORK_HEADER = YES;
				CLANG_WARN_RANGE_LOOP_ANALYSIS = YES;
				CLANG_WARN_STRICT_PROTOTYPES = YES;
				CLANG_WARN_SUSPICIOUS_MOVE = YES;
				CLANG_WARN_UNGUARDED_AVAILABILITY = YES_AGGRESSIVE;
				CLANG_WARN_UNREACHABLE_CODE = YES;
				CLANG_WARN__DUPLICATE_METHOD_MATCH = YES;
				COPY_PHASE_STRIP = NO;
				DEBUG_INFORMATION_FORMAT = "dwarf-with-dsym";
				ENABLE_NS_ASSERTIONS = NO;
				ENABLE_STRICT_OBJC_MSGSEND = YES;
				ENABLE_USER_SCRIPT_SANDBOXING = YES;
				GCC_C_LANGUAGE_STANDARD = gnu17;
				GCC_NO_COMMON_BLOCKS = YES;
				GCC_WARN_64_TO_32_BIT_CONVERSION = YES;
				GCC_WARN_ABOUT_RETURN_TYPE = YES_ERROR;
				GCC_WARN_UNDECLARED_SELECTOR = YES;
				GCC_WARN_UNINITIALIZED_AUTOS = YES_AGGRESSIVE;
				GCC_WARN_UNUSED_FUNCTION = YES;
				GCC_WARN_UNUSED_VARIABLE = YES;
				IPHONEOS_DEPLOYMENT_TARGET = 17.4;
				LOCALIZATION_PREFERS_STRING_CATALOGS = YES;
				MTL_ENABLE_DEBUG_INFO = NO;
				MTL_FAST_MATH = YES;
				SDKROOT = iphoneos;
				SWIFT_COMPILATION_MODE = wholemodule;
				VALIDATE_PRODUCT = YES;
			};
			name = Release;
		};
		B73B2E3D2C9B637B001EB658 /* Debug */ = {
			isa = XCBuildConfiguration;
			buildSettings = {
				ASSETCATALOG_COMPILER_APPICON_NAME = AppIcon;
				ASSETCATALOG_COMPILER_GLOBAL_ACCENT_COLOR_NAME = AccentColor;
				CODE_SIGN_STYLE = Automatic;
				CURRENT_PROJECT_VERSION = 1;
				DEVELOPMENT_ASSET_PATHS = "\"Puff/Common/Preview Content\"";
				DEVELOPMENT_TEAM = 7HDF545ZQ6;
				ENABLE_PREVIEWS = YES;
				GENERATE_INFOPLIST_FILE = YES;
				INFOPLIST_FILE = Puff/App/Info.plist;
				INFOPLIST_KEY_UIApplicationSceneManifest_Generation = YES;
				INFOPLIST_KEY_UIApplicationSupportsIndirectInputEvents = YES;
				INFOPLIST_KEY_UILaunchScreen_Generation = YES;
				INFOPLIST_KEY_UISupportedInterfaceOrientations_iPad = "UIInterfaceOrientationPortrait UIInterfaceOrientationPortraitUpsideDown UIInterfaceOrientationLandscapeLeft UIInterfaceOrientationLandscapeRight";
				INFOPLIST_KEY_UISupportedInterfaceOrientations_iPhone = "UIInterfaceOrientationPortrait UIInterfaceOrientationLandscapeLeft UIInterfaceOrientationLandscapeRight";
				IPHONEOS_DEPLOYMENT_TARGET = 16.2;
				LD_RUNPATH_SEARCH_PATHS = (
					"$(inherited)",
					"@executable_path/Frameworks",
				);
				MARKETING_VERSION = 1.0;
				PRODUCT_BUNDLE_IDENTIFIER = kupriyanov.Puff;
				PRODUCT_NAME = "$(TARGET_NAME)";
				SWIFT_EMIT_LOC_STRINGS = YES;
				SWIFT_VERSION = 5.0;
				TARGETED_DEVICE_FAMILY = "1,2";
			};
			name = Debug;
		};
		B73B2E3E2C9B637B001EB658 /* Release */ = {
			isa = XCBuildConfiguration;
			buildSettings = {
				ASSETCATALOG_COMPILER_APPICON_NAME = AppIcon;
				ASSETCATALOG_COMPILER_GLOBAL_ACCENT_COLOR_NAME = AccentColor;
				CODE_SIGN_STYLE = Automatic;
				CURRENT_PROJECT_VERSION = 1;
				DEVELOPMENT_ASSET_PATHS = "\"Puff/Common/Preview Content\"";
				DEVELOPMENT_TEAM = 7HDF545ZQ6;
				ENABLE_PREVIEWS = YES;
				GENERATE_INFOPLIST_FILE = YES;
				INFOPLIST_FILE = Puff/App/Info.plist;
				INFOPLIST_KEY_UIApplicationSceneManifest_Generation = YES;
				INFOPLIST_KEY_UIApplicationSupportsIndirectInputEvents = YES;
				INFOPLIST_KEY_UILaunchScreen_Generation = YES;
				INFOPLIST_KEY_UISupportedInterfaceOrientations_iPad = "UIInterfaceOrientationPortrait UIInterfaceOrientationPortraitUpsideDown UIInterfaceOrientationLandscapeLeft UIInterfaceOrientationLandscapeRight";
				INFOPLIST_KEY_UISupportedInterfaceOrientations_iPhone = "UIInterfaceOrientationPortrait UIInterfaceOrientationLandscapeLeft UIInterfaceOrientationLandscapeRight";
				IPHONEOS_DEPLOYMENT_TARGET = 16.2;
				LD_RUNPATH_SEARCH_PATHS = (
					"$(inherited)",
					"@executable_path/Frameworks",
				);
				MARKETING_VERSION = 1.0;
				PRODUCT_BUNDLE_IDENTIFIER = kupriyanov.Puff;
				PRODUCT_NAME = "$(TARGET_NAME)";
				SWIFT_EMIT_LOC_STRINGS = YES;
				SWIFT_VERSION = 5.0;
				TARGETED_DEVICE_FAMILY = "1,2";
			};
			name = Release;
		};
/* End XCBuildConfiguration section */

/* Begin XCConfigurationList section */
		B73B2E292C9B637A001EB658 /* Build configuration list for PBXProject "Puff" */ = {
			isa = XCConfigurationList;
			buildConfigurations = (
				B73B2E3A2C9B637B001EB658 /* Debug */,
				B73B2E3B2C9B637B001EB658 /* Release */,
			);
			defaultConfigurationIsVisible = 0;
			defaultConfigurationName = Release;
		};
		B73B2E3C2C9B637B001EB658 /* Build configuration list for PBXNativeTarget "Puff" */ = {
			isa = XCConfigurationList;
			buildConfigurations = (
				B73B2E3D2C9B637B001EB658 /* Debug */,
				B73B2E3E2C9B637B001EB658 /* Release */,
			);
			defaultConfigurationIsVisible = 0;
			defaultConfigurationName = Release;
		};
/* End XCConfigurationList section */

/* Begin XCRemoteSwiftPackageReference section */
		B7024D0F2C9EE5AF006809AC /* XCRemoteSwiftPackageReference "lottie-ios" */ = {
			isa = XCRemoteSwiftPackageReference;
			repositoryURL = "https://github.com/airbnb/lottie-ios";
			requirement = {
				kind = upToNextMajorVersion;
				minimumVersion = 4.5.0;
			};
		};
/* End XCRemoteSwiftPackageReference section */

/* Begin XCSwiftPackageProductDependency section */
		B7024D102C9EE5AF006809AC /* Lottie */ = {
			isa = XCSwiftPackageProductDependency;
			package = B7024D0F2C9EE5AF006809AC /* XCRemoteSwiftPackageReference "lottie-ios" */;
			productName = Lottie;
		};
/* End XCSwiftPackageProductDependency section */
	};
	rootObject = B73B2E262C9B637A001EB658 /* Project object */;
}
